
Microsoft Visual Studio Solution File, Format Version 12.00
# Visual Studio Version 16
VisualStudioVersion = 16.0.31911.196
MinimumVisualStudioVersion = 10.0.40219.1
Project("{FAE04EC0-301F-11D3-BF4B-00C04F79EFBC}") = "BluePrints", "BluePrints\BluePrints.csproj", "{3824191A-1EA6-471E-A7EF-9930FF121E25}"
EndProject
Project("{FAE04EC0-301F-11D3-BF4B-00C04F79EFBC}") = "BaseModel", "..\BaseModel\BaseModel\BaseModel\BaseModel.csproj", "{25F838CC-CF00-4BA1-A2DD-21B4C02592CE}"
EndProject
Project("{FAE04EC0-301F-11D3-BF4B-00C04F79EFBC}") = "ActiveDirectory", "..\ActiveDirectory\ActiveDirectory\ActiveDirectory.csproj", "{51614976-21BD-4383-BD1F-4C1120FF8A6F}"
EndProject
Global
	GlobalSection(SolutionConfigurationPlatforms) = preSolution
		Beta|Any CPU = Beta|Any CPU
		Beta|x64 = Beta|x64
		Canada|Any CPU = Canada|Any CPU
		Canada|x64 = Canada|x64
		Debug|Any CPU = Debug|Any CPU
		Debug|x64 = Debug|x64
		Montreal Live|Any CPU = Montreal Live|Any CPU
		Montreal Live|x64 = Montreal Live|x64
		Montreal_Beta|Any CPU = Montreal_Beta|Any CPU
		Montreal_Beta|x64 = Montreal_Beta|x64
		Montreal_Debug|Any CPU = Montreal_Debug|Any CPU
		Montreal_Debug|x64 = Montreal_Debug|x64
		Montreal_Release|Any CPU = Montreal_Release|Any CPU
		Montreal_Release|x64 = Montreal_Release|x64
		Montreal|Any CPU = Montreal|Any CPU
		Montreal|x64 = Montreal|x64
		Perth_Beta|Any CPU = Perth_Beta|Any CPU
		Perth_Beta|x64 = Perth_Beta|x64
		Perth_Debug|Any CPU = Perth_Debug|Any CPU
		Perth_Debug|x64 = Perth_Debug|x64
		Perth_Release|Any CPU = Perth_Release|Any CPU
		Perth_Release|x64 = Perth_Release|x64
		Perth|Any CPU = Perth|Any CPU
		Perth|x64 = Perth|x64
		Release|Any CPU = Release|Any CPU
		Release|x64 = Release|x64
		USA_Debug|Any CPU = USA_Debug|Any CPU
		USA_Debug|x64 = USA_Debug|x64
		USA_Release|Any CPU = USA_Release|Any CPU
		USA_Release|x64 = USA_Release|x64
	EndGlobalSection
	GlobalSection(ProjectConfigurationPlatforms) = postSolution
		{3824191A-1EA6-471E-A7EF-9930FF121E25}.Beta|Any CPU.ActiveCfg = Perth_Beta|Any CPU
		{3824191A-1EA6-471E-A7EF-9930FF121E25}.Beta|Any CPU.Build.0 = Perth_Beta|Any CPU
		{3824191A-1EA6-471E-A7EF-9930FF121E25}.Beta|x64.ActiveCfg = Perth_Beta|x64
		{3824191A-1EA6-471E-A7EF-9930FF121E25}.Beta|x64.Build.0 = Perth_Beta|x64
		{3824191A-1EA6-471E-A7EF-9930FF121E25}.Canada|Any CPU.ActiveCfg = Montreal_Debug|Any CPU
		{3824191A-1EA6-471E-A7EF-9930FF121E25}.Canada|Any CPU.Build.0 = Montreal_Debug|Any CPU
		{3824191A-1EA6-471E-A7EF-9930FF121E25}.Canada|x64.ActiveCfg = Montreal_Debug|x64
		{3824191A-1EA6-471E-A7EF-9930FF121E25}.Canada|x64.Build.0 = Montreal_Debug|x64
		{3824191A-1EA6-471E-A7EF-9930FF121E25}.Debug|Any CPU.ActiveCfg = Debug|Any CPU
		{3824191A-1EA6-471E-A7EF-9930FF121E25}.Debug|Any CPU.Build.0 = Debug|Any CPU
		{3824191A-1EA6-471E-A7EF-9930FF121E25}.Debug|x64.ActiveCfg = Debug|x64
		{3824191A-1EA6-471E-A7EF-9930FF121E25}.Debug|x64.Build.0 = Debug|x64
		{3824191A-1EA6-471E-A7EF-9930FF121E25}.Montreal Live|Any CPU.ActiveCfg = Montreal_Debug|Any CPU
		{3824191A-1EA6-471E-A7EF-9930FF121E25}.Montreal Live|Any CPU.Build.0 = Montreal_Debug|Any CPU
		{3824191A-1EA6-471E-A7EF-9930FF121E25}.Montreal Live|x64.ActiveCfg = Montreal_Debug|x64
		{3824191A-1EA6-471E-A7EF-9930FF121E25}.Montreal Live|x64.Build.0 = Montreal_Debug|x64
		{3824191A-1EA6-471E-A7EF-9930FF121E25}.Montreal_Beta|Any CPU.ActiveCfg = Montreal_Beta|Any CPU
		{3824191A-1EA6-471E-A7EF-9930FF121E25}.Montreal_Beta|Any CPU.Build.0 = Montreal_Beta|Any CPU
		{3824191A-1EA6-471E-A7EF-9930FF121E25}.Montreal_Beta|x64.ActiveCfg = Montreal_Beta|x64
		{3824191A-1EA6-471E-A7EF-9930FF121E25}.Montreal_Beta|x64.Build.0 = Montreal_Beta|x64
		{3824191A-1EA6-471E-A7EF-9930FF121E25}.Montreal_Debug|Any CPU.ActiveCfg = Montreal_Debug|Any CPU
		{3824191A-1EA6-471E-A7EF-9930FF121E25}.Montreal_Debug|Any CPU.Build.0 = Montreal_Debug|Any CPU
		{3824191A-1EA6-471E-A7EF-9930FF121E25}.Montreal_Debug|x64.ActiveCfg = Montreal_Debug|x64
		{3824191A-1EA6-471E-A7EF-9930FF121E25}.Montreal_Debug|x64.Build.0 = Montreal_Debug|x64
		{3824191A-1EA6-471E-A7EF-9930FF121E25}.Montreal_Release|Any CPU.ActiveCfg = Montreal_Release|Any CPU
		{3824191A-1EA6-471E-A7EF-9930FF121E25}.Montreal_Release|Any CPU.Build.0 = Montreal_Release|Any CPU
		{3824191A-1EA6-471E-A7EF-9930FF121E25}.Montreal_Release|x64.ActiveCfg = Montreal_Release|x64
		{3824191A-1EA6-471E-A7EF-9930FF121E25}.Montreal_Release|x64.Build.0 = Montreal_Release|x64
		{3824191A-1EA6-471E-A7EF-9930FF121E25}.Montreal|Any CPU.ActiveCfg = Montreal_Debug|Any CPU
		{3824191A-1EA6-471E-A7EF-9930FF121E25}.Montreal|Any CPU.Build.0 = Montreal_Debug|Any CPU
		{3824191A-1EA6-471E-A7EF-9930FF121E25}.Montreal|x64.ActiveCfg = Montreal_Debug|x64
		{3824191A-1EA6-471E-A7EF-9930FF121E25}.Montreal|x64.Build.0 = Montreal_Debug|x64
		{3824191A-1EA6-471E-A7EF-9930FF121E25}.Perth_Beta|Any CPU.ActiveCfg = Perth_Beta|Any CPU
		{3824191A-1EA6-471E-A7EF-9930FF121E25}.Perth_Beta|Any CPU.Build.0 = Perth_Beta|Any CPU
		{3824191A-1EA6-471E-A7EF-9930FF121E25}.Perth_Beta|x64.ActiveCfg = Perth_Beta|x64
		{3824191A-1EA6-471E-A7EF-9930FF121E25}.Perth_Beta|x64.Build.0 = Perth_Beta|x64
		{3824191A-1EA6-471E-A7EF-9930FF121E25}.Perth_Debug|Any CPU.ActiveCfg = Perth_Debug|Any CPU
		{3824191A-1EA6-471E-A7EF-9930FF121E25}.Perth_Debug|Any CPU.Build.0 = Perth_Debug|Any CPU
		{3824191A-1EA6-471E-A7EF-9930FF121E25}.Perth_Debug|x64.ActiveCfg = Perth_Debug|x64
		{3824191A-1EA6-471E-A7EF-9930FF121E25}.Perth_Debug|x64.Build.0 = Perth_Debug|x64
		{3824191A-1EA6-471E-A7EF-9930FF121E25}.Perth_Release|Any CPU.ActiveCfg = Perth_Release|Any CPU
		{3824191A-1EA6-471E-A7EF-9930FF121E25}.Perth_Release|Any CPU.Build.0 = Perth_Release|Any CPU
		{3824191A-1EA6-471E-A7EF-9930FF121E25}.Perth_Release|x64.ActiveCfg = Perth_Release|x64
		{3824191A-1EA6-471E-A7EF-9930FF121E25}.Perth_Release|x64.Build.0 = Perth_Release|x64
		{3824191A-1EA6-471E-A7EF-9930FF121E25}.Perth|Any CPU.ActiveCfg = Perth_Debug|Any CPU
		{3824191A-1EA6-471E-A7EF-9930FF121E25}.Perth|Any CPU.Build.0 = Perth_Debug|Any CPU
		{3824191A-1EA6-471E-A7EF-9930FF121E25}.Perth|x64.ActiveCfg = Perth_Debug|x64
		{3824191A-1EA6-471E-A7EF-9930FF121E25}.Perth|x64.Build.0 = Perth_Debug|x64
		{3824191A-1EA6-471E-A7EF-9930FF121E25}.Release|Any CPU.ActiveCfg = Release|Any CPU
		{3824191A-1EA6-471E-A7EF-9930FF121E25}.Release|Any CPU.Build.0 = Release|Any CPU
		{3824191A-1EA6-471E-A7EF-9930FF121E25}.Release|x64.ActiveCfg = Release|x64
		{3824191A-1EA6-471E-A7EF-9930FF121E25}.Release|x64.Build.0 = Release|x64
		{3824191A-1EA6-471E-A7EF-9930FF121E25}.USA_Debug|Any CPU.ActiveCfg = USA_Debug|Any CPU
		{3824191A-1EA6-471E-A7EF-9930FF121E25}.USA_Debug|Any CPU.Build.0 = USA_Debug|Any CPU
		{3824191A-1EA6-471E-A7EF-9930FF121E25}.USA_Debug|x64.ActiveCfg = USA_Debug|x64
		{3824191A-1EA6-471E-A7EF-9930FF121E25}.USA_Debug|x64.Build.0 = USA_Debug|x64
		{3824191A-1EA6-471E-A7EF-9930FF121E25}.USA_Release|Any CPU.ActiveCfg = USA_Release|Any CPU
		{3824191A-1EA6-471E-A7EF-9930FF121E25}.USA_Release|Any CPU.Build.0 = USA_Release|Any CPU
		{3824191A-1EA6-471E-A7EF-9930FF121E25}.USA_Release|x64.ActiveCfg = USA_Release|x64
		{3824191A-1EA6-471E-A7EF-9930FF121E25}.USA_Release|x64.Build.0 = USA_Release|x64
		{25F838CC-CF00-4BA1-A2DD-21B4C02592CE}.Beta|Any CPU.ActiveCfg = Beta|Any CPU
		{25F838CC-CF00-4BA1-A2DD-21B4C02592CE}.Beta|Any CPU.Build.0 = Beta|Any CPU
		{25F838CC-CF00-4BA1-A2DD-21B4C02592CE}.Beta|x64.ActiveCfg = Beta|x64
		{25F838CC-CF00-4BA1-A2DD-21B4C02592CE}.Beta|x64.Build.0 = Beta|x64
		{25F838CC-CF00-4BA1-A2DD-21B4C02592CE}.Canada|Any CPU.ActiveCfg = Canada|Any CPU
		{25F838CC-CF00-4BA1-A2DD-21B4C02592CE}.Canada|Any CPU.Build.0 = Canada|Any CPU
		{25F838CC-CF00-4BA1-A2DD-21B4C02592CE}.Canada|x64.ActiveCfg = Canada|x64
		{25F838CC-CF00-4BA1-A2DD-21B4C02592CE}.Canada|x64.Build.0 = Canada|x64
		{25F838CC-CF00-4BA1-A2DD-21B4C02592CE}.Debug|Any CPU.ActiveCfg = Debug|Any CPU
		{25F838CC-CF00-4BA1-A2DD-21B4C02592CE}.Debug|Any CPU.Build.0 = Debug|Any CPU
		{25F838CC-CF00-4BA1-A2DD-21B4C02592CE}.Debug|x64.ActiveCfg = Debug|x64
		{25F838CC-CF00-4BA1-A2DD-21B4C02592CE}.Debug|x64.Build.0 = Debug|x64
		{25F838CC-CF00-4BA1-A2DD-21B4C02592CE}.Montreal Live|Any CPU.ActiveCfg = Montreal Live|Any CPU
		{25F838CC-CF00-4BA1-A2DD-21B4C02592CE}.Montreal Live|Any CPU.Build.0 = Montreal Live|Any CPU
		{25F838CC-CF00-4BA1-A2DD-21B4C02592CE}.Montreal Live|x64.ActiveCfg = Montreal Live|x64
		{25F838CC-CF00-4BA1-A2DD-21B4C02592CE}.Montreal Live|x64.Build.0 = Montreal Live|x64
		{25F838CC-CF00-4BA1-A2DD-21B4C02592CE}.Montreal_Beta|Any CPU.ActiveCfg = Montreal_Beta|Any CPU
		{25F838CC-CF00-4BA1-A2DD-21B4C02592CE}.Montreal_Beta|Any CPU.Build.0 = Montreal_Beta|Any CPU
		{25F838CC-CF00-4BA1-A2DD-21B4C02592CE}.Montreal_Beta|x64.ActiveCfg = Montreal_Beta|x64
		{25F838CC-CF00-4BA1-A2DD-21B4C02592CE}.Montreal_Beta|x64.Build.0 = Montreal_Beta|x64
		{25F838CC-CF00-4BA1-A2DD-21B4C02592CE}.Montreal_Debug|Any CPU.ActiveCfg = Montreal_Debug|Any CPU
		{25F838CC-CF00-4BA1-A2DD-21B4C02592CE}.Montreal_Debug|Any CPU.Build.0 = Montreal_Debug|Any CPU
		{25F838CC-CF00-4BA1-A2DD-21B4C02592CE}.Montreal_Debug|x64.ActiveCfg = Montreal_Debug|x64
		{25F838CC-CF00-4BA1-A2DD-21B4C02592CE}.Montreal_Debug|x64.Build.0 = Montreal_Debug|x64
		{25F838CC-CF00-4BA1-A2DD-21B4C02592CE}.Montreal_Release|Any CPU.ActiveCfg = Montreal_Release|Any CPU
		{25F838CC-CF00-4BA1-A2DD-21B4C02592CE}.Montreal_Release|Any CPU.Build.0 = Montreal_Release|Any CPU
		{25F838CC-CF00-4BA1-A2DD-21B4C02592CE}.Montreal_Release|x64.ActiveCfg = Montreal_Release|x64
		{25F838CC-CF00-4BA1-A2DD-21B4C02592CE}.Montreal_Release|x64.Build.0 = Montreal_Release|x64
		{25F838CC-CF00-4BA1-A2DD-21B4C02592CE}.Montreal|Any CPU.ActiveCfg = Montreal|Any CPU
		{25F838CC-CF00-4BA1-A2DD-21B4C02592CE}.Montreal|Any CPU.Build.0 = Montreal|Any CPU
		{25F838CC-CF00-4BA1-A2DD-21B4C02592CE}.Montreal|x64.ActiveCfg = Montreal|x64
		{25F838CC-CF00-4BA1-A2DD-21B4C02592CE}.Montreal|x64.Build.0 = Montreal|x64
		{25F838CC-CF00-4BA1-A2DD-21B4C02592CE}.Perth_Beta|Any CPU.ActiveCfg = Perth_Beta|Any CPU
		{25F838CC-CF00-4BA1-A2DD-21B4C02592CE}.Perth_Beta|Any CPU.Build.0 = Perth_Beta|Any CPU
		{25F838CC-CF00-4BA1-A2DD-21B4C02592CE}.Perth_Beta|x64.ActiveCfg = Perth_Beta|x64
		{25F838CC-CF00-4BA1-A2DD-21B4C02592CE}.Perth_Beta|x64.Build.0 = Perth_Beta|x64
		{25F838CC-CF00-4BA1-A2DD-21B4C02592CE}.Perth_Debug|Any CPU.ActiveCfg = Perth_Debug|Any CPU
		{25F838CC-CF00-4BA1-A2DD-21B4C02592CE}.Perth_Debug|Any CPU.Build.0 = Perth_Debug|Any CPU
		{25F838CC-CF00-4BA1-A2DD-21B4C02592CE}.Perth_Debug|x64.ActiveCfg = Perth_Debug|x64
		{25F838CC-CF00-4BA1-A2DD-21B4C02592CE}.Perth_Debug|x64.Build.0 = Perth_Debug|x64
		{25F838CC-CF00-4BA1-A2DD-21B4C02592CE}.Perth_Release|Any CPU.ActiveCfg = Perth_Release|Any CPU
		{25F838CC-CF00-4BA1-A2DD-21B4C02592CE}.Perth_Release|Any CPU.Build.0 = Perth_Release|Any CPU
		{25F838CC-CF00-4BA1-A2DD-21B4C02592CE}.Perth_Release|x64.ActiveCfg = Perth_Release|x64
		{25F838CC-CF00-4BA1-A2DD-21B4C02592CE}.Perth_Release|x64.Build.0 = Perth_Release|x64
		{25F838CC-CF00-4BA1-A2DD-21B4C02592CE}.Perth|Any CPU.ActiveCfg = Perth|Any CPU
		{25F838CC-CF00-4BA1-A2DD-21B4C02592CE}.Perth|Any CPU.Build.0 = Perth|Any CPU
		{25F838CC-CF00-4BA1-A2DD-21B4C02592CE}.Perth|x64.ActiveCfg = Perth|x64
		{25F838CC-CF00-4BA1-A2DD-21B4C02592CE}.Perth|x64.Build.0 = Perth|x64
		{25F838CC-CF00-4BA1-A2DD-21B4C02592CE}.Release|Any CPU.ActiveCfg = Release|Any CPU
		{25F838CC-CF00-4BA1-A2DD-21B4C02592CE}.Release|Any CPU.Build.0 = Release|Any CPU
		{25F838CC-CF00-4BA1-A2DD-21B4C02592CE}.Release|x64.ActiveCfg = Release|x64
		{25F838CC-CF00-4BA1-A2DD-21B4C02592CE}.Release|x64.Build.0 = Release|x64
		{25F838CC-CF00-4BA1-A2DD-21B4C02592CE}.USA_Debug|Any CPU.ActiveCfg = USA_Debug|Any CPU
		{25F838CC-CF00-4BA1-A2DD-21B4C02592CE}.USA_Debug|Any CPU.Build.0 = USA_Debug|Any CPU
		{25F838CC-CF00-4BA1-A2DD-21B4C02592CE}.USA_Debug|x64.ActiveCfg = USA_Debug|x64
		{25F838CC-CF00-4BA1-A2DD-21B4C02592CE}.USA_Debug|x64.Build.0 = USA_Debug|x64
		{25F838CC-CF00-4BA1-A2DD-21B4C02592CE}.USA_Release|Any CPU.ActiveCfg = USA_Release|Any CPU
		{25F838CC-CF00-4BA1-A2DD-21B4C02592CE}.USA_Release|Any CPU.Build.0 = USA_Release|Any CPU
		{25F838CC-CF00-4BA1-A2DD-21B4C02592CE}.USA_Release|x64.ActiveCfg = USA_Release|x64
		{25F838CC-CF00-4BA1-A2DD-21B4C02592CE}.USA_Release|x64.Build.0 = USA_Release|x64
		{51614976-21BD-4383-BD1F-4C1120FF8A6F}.Beta|Any CPU.ActiveCfg = Release|Any CPU
		{51614976-21BD-4383-BD1F-4C1120FF8A6F}.Beta|Any CPU.Build.0 = Release|Any CPU
		{51614976-21BD-4383-BD1F-4C1120FF8A6F}.Beta|x64.ActiveCfg = Release|Any CPU
		{51614976-21BD-4383-BD1F-4C1120FF8A6F}.Beta|x64.Build.0 = Release|Any CPU
		{51614976-21BD-4383-BD1F-4C1120FF8A6F}.Canada|Any CPU.ActiveCfg = Release|Any CPU
		{51614976-21BD-4383-BD1F-4C1120FF8A6F}.Canada|Any CPU.Build.0 = Release|Any CPU
		{51614976-21BD-4383-BD1F-4C1120FF8A6F}.Canada|x64.ActiveCfg = Release|Any CPU
		{51614976-21BD-4383-BD1F-4C1120FF8A6F}.Canada|x64.Build.0 = Release|Any CPU
		{51614976-21BD-4383-BD1F-4C1120FF8A6F}.Debug|Any CPU.ActiveCfg = Debug|Any CPU
		{51614976-21BD-4383-BD1F-4C1120FF8A6F}.Debug|Any CPU.Build.0 = Debug|Any CPU
		{51614976-21BD-4383-BD1F-4C1120FF8A6F}.Debug|x64.ActiveCfg = Debug|Any CPU
		{51614976-21BD-4383-BD1F-4C1120FF8A6F}.Debug|x64.Build.0 = Debug|Any CPU
		{51614976-21BD-4383-BD1F-4C1120FF8A6F}.Montreal Live|Any CPU.ActiveCfg = Release|Any CPU
		{51614976-21BD-4383-BD1F-4C1120FF8A6F}.Montreal Live|Any CPU.Build.0 = Release|Any CPU
		{51614976-21BD-4383-BD1F-4C1120FF8A6F}.Montreal Live|x64.ActiveCfg = Release|Any CPU
		{51614976-21BD-4383-BD1F-4C1120FF8A6F}.Montreal Live|x64.Build.0 = Release|Any CPU
		{51614976-21BD-4383-BD1F-4C1120FF8A6F}.Montreal_Beta|Any CPU.ActiveCfg = Release|Any CPU
		{51614976-21BD-4383-BD1F-4C1120FF8A6F}.Montreal_Beta|Any CPU.Build.0 = Release|Any CPU
		{51614976-21BD-4383-BD1F-4C1120FF8A6F}.Montreal_Beta|x64.ActiveCfg = Release|Any CPU
		{51614976-21BD-4383-BD1F-4C1120FF8A6F}.Montreal_Beta|x64.Build.0 = Release|Any CPU
		{51614976-21BD-4383-BD1F-4C1120FF8A6F}.Montreal_Debug|Any CPU.ActiveCfg = Debug|Any CPU
		{51614976-21BD-4383-BD1F-4C1120FF8A6F}.Montreal_Debug|Any CPU.Build.0 = Debug|Any CPU
		{51614976-21BD-4383-BD1F-4C1120FF8A6F}.Montreal_Debug|x64.ActiveCfg = Debug|Any CPU
		{51614976-21BD-4383-BD1F-4C1120FF8A6F}.Montreal_Debug|x64.Build.0 = Debug|Any CPU
		{51614976-21BD-4383-BD1F-4C1120FF8A6F}.Montreal_Release|Any CPU.ActiveCfg = Release|Any CPU
		{51614976-21BD-4383-BD1F-4C1120FF8A6F}.Montreal_Release|Any CPU.Build.0 = Release|Any CPU
		{51614976-21BD-4383-BD1F-4C1120FF8A6F}.Montreal_Release|x64.ActiveCfg = Release|Any CPU
		{51614976-21BD-4383-BD1F-4C1120FF8A6F}.Montreal_Release|x64.Build.0 = Release|Any CPU
		{51614976-21BD-4383-BD1F-4C1120FF8A6F}.Montreal|Any CPU.ActiveCfg = Release|Any CPU
		{51614976-21BD-4383-BD1F-4C1120FF8A6F}.Montreal|Any CPU.Build.0 = Release|Any CPU
		{51614976-21BD-4383-BD1F-4C1120FF8A6F}.Montreal|x64.ActiveCfg = Release|Any CPU
		{51614976-21BD-4383-BD1F-4C1120FF8A6F}.Montreal|x64.Build.0 = Release|Any CPU
		{51614976-21BD-4383-BD1F-4C1120FF8A6F}.Perth_Beta|Any CPU.ActiveCfg = Release|Any CPU
		{51614976-21BD-4383-BD1F-4C1120FF8A6F}.Perth_Beta|Any CPU.Build.0 = Release|Any CPU
		{51614976-21BD-4383-BD1F-4C1120FF8A6F}.Perth_Beta|x64.ActiveCfg = Release|Any CPU
		{51614976-21BD-4383-BD1F-4C1120FF8A6F}.Perth_Beta|x64.Build.0 = Release|Any CPU
		{51614976-21BD-4383-BD1F-4C1120FF8A6F}.Perth_Debug|Any CPU.ActiveCfg = Debug|Any CPU
		{51614976-21BD-4383-BD1F-4C1120FF8A6F}.Perth_Debug|Any CPU.Build.0 = Debug|Any CPU
		{51614976-21BD-4383-BD1F-4C1120FF8A6F}.Perth_Debug|x64.ActiveCfg = Debug|Any CPU
		{51614976-21BD-4383-BD1F-4C1120FF8A6F}.Perth_Debug|x64.Build.0 = Debug|Any CPU
		{51614976-21BD-4383-BD1F-4C1120FF8A6F}.Perth_Release|Any CPU.ActiveCfg = Release|Any CPU
		{51614976-21BD-4383-BD1F-4C1120FF8A6F}.Perth_Release|Any CPU.Build.0 = Release|Any CPU
		{51614976-21BD-4383-BD1F-4C1120FF8A6F}.Perth_Release|x64.ActiveCfg = Release|Any CPU
		{51614976-21BD-4383-BD1F-4C1120FF8A6F}.Perth_Release|x64.Build.0 = Release|Any CPU
		{51614976-21BD-4383-BD1F-4C1120FF8A6F}.Perth|Any CPU.ActiveCfg = Release|Any CPU
		{51614976-21BD-4383-BD1F-4C1120FF8A6F}.Perth|Any CPU.Build.0 = Release|Any CPU
		{51614976-21BD-4383-BD1F-4C1120FF8A6F}.Perth|x64.ActiveCfg = Release|Any CPU
		{51614976-21BD-4383-BD1F-4C1120FF8A6F}.Perth|x64.Build.0 = Release|Any CPU
		{51614976-21BD-4383-BD1F-4C1120FF8A6F}.Release|Any CPU.ActiveCfg = Release|Any CPU
		{51614976-21BD-4383-BD1F-4C1120FF8A6F}.Release|Any CPU.Build.0 = Release|Any CPU
		{51614976-21BD-4383-BD1F-4C1120FF8A6F}.Release|x64.ActiveCfg = Release|Any CPU
		{51614976-21BD-4383-BD1F-4C1120FF8A6F}.Release|x64.Build.0 = Release|Any CPU
		{51614976-21BD-4383-BD1F-4C1120FF8A6F}.USA_Debug|Any CPU.ActiveCfg = USA_Debug|Any CPU
		{51614976-21BD-4383-BD1F-4C1120FF8A6F}.USA_Debug|Any CPU.Build.0 = USA_Debug|Any CPU
		{51614976-21BD-4383-BD1F-4C1120FF8A6F}.USA_Debug|x64.ActiveCfg = USA_Debug|Any CPU
		{51614976-21BD-4383-BD1F-4C1120FF8A6F}.USA_Debug|x64.Build.0 = USA_Debug|Any CPU
		{51614976-21BD-4383-BD1F-4C1120FF8A6F}.USA_Release|Any CPU.ActiveCfg = USA_Release|Any CPU
		{51614976-21BD-4383-BD1F-4C1120FF8A6F}.USA_Release|Any CPU.Build.0 = USA_Release|Any CPU
		{51614976-21BD-4383-BD1F-4C1120FF8A6F}.USA_Release|x64.ActiveCfg = USA_Release|Any CPU
		{51614976-21BD-4383-BD1F-4C1120FF8A6F}.USA_Release|x64.Build.0 = USA_Release|Any CPU
	EndGlobalSection
	GlobalSection(SolutionProperties) = preSolution
		HideSolutionNode = FALSE
	EndGlobalSection
	GlobalSection(ExtensibilityGlobals) = postSolution
		SolutionGuid = {09A16132-6012-4DD1-A3E9-B5A7BB881082}
	EndGlobalSection
EndGlobal
